
Microsoft Visual Studio Solution File, Format Version 10.00
# Visual Studio 2008
Project("{8BC9CEB8-8B4A-11D0-8D11-00A0C91BC942}") = "libhttpINet", "libhttpINet\libhttpINet.vcproj", "{1D2B7CA4-F97C-439C-A68D-5644B290DE34}"
EndProject
Global
	GlobalSection(SolutionConfigurationPlatforms) = preSolution
		Debug|Win32 = Debug|Win32
		Release_MT|Win32 = Release_MT|Win32
		Release|Win32 = Release|Win32
	EndGlobalSection
	GlobalSection(ProjectConfigurationPlatforms) = postSolution
		{1D2B7CA4-F97C-439C-A68D-5644B290DE34}.Debug|Win32.ActiveCfg = Debug|Win32
		{1D2B7CA4-F97C-439C-A68D-5644B290DE34}.Debug|Win32.Build.0 = Debug|Win32
		{1D2B7CA4-F97C-439C-A68D-5644B290DE34}.Release_MT|Win32.ActiveCfg = Release_MT|Win32
		{1D2B7CA4-F97C-439C-A68D-5644B290DE34}.Release_MT|Win32.Build.0 = Release_MT|Win32
		{1D2B7CA4-F97C-439C-A68D-5644B290DE34}.Release|Win32.ActiveCfg = Release|Win32
		{1D2B7CA4-F97C-439C-A68D-5644B290DE34}.Release|Win32.Build.0 = Release|Win32
	EndGlobalSection
	GlobalSection(SolutionProperties) = preSolution
		HideSolutionNode = FALSE
	EndGlobalSection
EndGlobal
